{
  "name": "users",
  "version": "1.0.0",
  "lockfileVersion": 1,
  "requires": true,
  "dependencies": {
    "@types/graphql": {
      "version": "0.13.3",
      "resolved": "https://registry.npmjs.org/@types/graphql/-/graphql-0.13.3.tgz",
      "integrity": "sha512-YNGkX5HtcDtufyQquww05yoWYiDdZPPubLafXqukYqGmpawHjodAXwufhTemqDdgGk48WU7RX2Ouj0VTc9b3AA==",
      "dev": true
    }
  }
}
